<?xml version="1.0" encoding="utf-8"?>
<Project ToolsVersion="17.0" xmlns="http://schemas.microsoft.com/developer/msbuild/2003">
  <ItemGroup>
    <ClCompile Include="C:\Users\Ethan Ward\OneDrive\Documents\c-programs\2101-data-structures\googletest-main\googletest\src\gtest-all.cc">
      <Filter>Source Files</Filter>
    </ClCompile>
    <ClCompile Include="C:\Users\Ethan Ward\OneDrive\Documents\c-programs\2101-data-structures\googletest-main\googlemock\src\gmock-all.cc">
      <Filter>Source Files</Filter>
    </ClCompile>
  </ItemGroup>
  <ItemGroup>
    <CustomBuild Include="C:\Users\Ethan Ward\OneDrive\Documents\c-programs\2101-data-structures\googletest-main\googlemock\CMakeLists.txt" />
  </ItemGroup>
  <ItemGroup>
    <Filter Include="Source Files">
      <UniqueIdentifier>{5819B532-756D-3FA9-B622-2D8E6A589856}</UniqueIdentifier>
    </Filter>
  </ItemGroup>
</Project>
